
Microsoft Visual Studio Solution File, Format Version 12.00
# Visual Studio Version 17
VisualStudioVersion = 17.13.35617.110 d17.13
MinimumVisualStudioVersion = 10.0.40219.1
Project("{FAE04EC0-301F-11D3-BF4B-00C04F79EFBC}") = "app 1", "app 1.csproj", "{C7A03C6F-7644-47AE-9874-81FAD4320FF2}"
EndProject
Global
	GlobalSection(SolutionConfigurationPlatforms) = preSolution
		Debug|Any CPU = Debug|Any CPU
		Release|Any CPU = Release|Any CPU
	EndGlobalSection
	GlobalSection(ProjectConfigurationPlatforms) = postSolution
		{C7A03C6F-7644-47AE-9874-81FAD4320FF2}.Debug|Any CPU.ActiveCfg = Debug|Any CPU
		{C7A03C6F-7644-47AE-9874-81FAD4320FF2}.Debug|Any CPU.Build.0 = Debug|Any CPU
		{C7A03C6F-7644-47AE-9874-81FAD4320FF2}.Release|Any CPU.ActiveCfg = Release|Any CPU
		{C7A03C6F-7644-47AE-9874-81FAD4320FF2}.Release|Any CPU.Build.0 = Release|Any CPU
	EndGlobalSection
	GlobalSection(SolutionProperties) = preSolution
		HideSolutionNode = FALSE
	EndGlobalSection
	GlobalSection(ExtensibilityGlobals) = postSolution
		SolutionGuid = {F45E03A1-52AA-486C-ABD9-492B63B5B8C1}
	EndGlobalSection
EndGlobal
