
Microsoft Visual Studio Solution File, Format Version 12.00
# Visual Studio Version 17
VisualStudioVersion = 17.13.35617.110 d17.13
MinimumVisualStudioVersion = 10.0.40219.1
Project("{FAE04EC0-301F-11D3-BF4B-00C04F79EFBC}") = "login", "login.csproj", "{92D25298-2D94-4019-9801-2B079A2B112A}"
EndProject
Global
	GlobalSection(SolutionConfigurationPlatforms) = preSolution
		Debug|Any CPU = Debug|Any CPU
		Release|Any CPU = Release|Any CPU
	EndGlobalSection
	GlobalSection(ProjectConfigurationPlatforms) = postSolution
		{92D25298-2D94-4019-9801-2B079A2B112A}.Debug|Any CPU.ActiveCfg = Debug|Any CPU
		{92D25298-2D94-4019-9801-2B079A2B112A}.Debug|Any CPU.Build.0 = Debug|Any CPU
		{92D25298-2D94-4019-9801-2B079A2B112A}.Release|Any CPU.ActiveCfg = Release|Any CPU
		{92D25298-2D94-4019-9801-2B079A2B112A}.Release|Any CPU.Build.0 = Release|Any CPU
	EndGlobalSection
	GlobalSection(SolutionProperties) = preSolution
		HideSolutionNode = FALSE
	EndGlobalSection
	GlobalSection(ExtensibilityGlobals) = postSolution
		SolutionGuid = {15294FCE-F9A1-46A8-BB05-8A7C5501E5E1}
	EndGlobalSection
EndGlobal
