
Microsoft Visual Studio Solution File, Format Version 12.00
# Visual Studio Version 17
VisualStudioVersion = 17.13.35617.110 d17.13
MinimumVisualStudioVersion = 10.0.40219.1
Project("{FAE04EC0-301F-11D3-BF4B-00C04F79EFBC}") = "webCinestar_webForm_1102", "webCinestar_webForm_1102.csproj", "{76A21BEE-AB84-4A27-B17B-333BD80F52E3}"
EndProject
Global
	GlobalSection(SolutionConfigurationPlatforms) = preSolution
		Debug|Any CPU = Debug|Any CPU
		Release|Any CPU = Release|Any CPU
	EndGlobalSection
	GlobalSection(ProjectConfigurationPlatforms) = postSolution
		{76A21BEE-AB84-4A27-B17B-333BD80F52E3}.Debug|Any CPU.ActiveCfg = Debug|Any CPU
		{76A21BEE-AB84-4A27-B17B-333BD80F52E3}.Debug|Any CPU.Build.0 = Debug|Any CPU
		{76A21BEE-AB84-4A27-B17B-333BD80F52E3}.Release|Any CPU.ActiveCfg = Release|Any CPU
		{76A21BEE-AB84-4A27-B17B-333BD80F52E3}.Release|Any CPU.Build.0 = Release|Any CPU
	EndGlobalSection
	GlobalSection(SolutionProperties) = preSolution
		HideSolutionNode = FALSE
	EndGlobalSection
	GlobalSection(ExtensibilityGlobals) = postSolution
		SolutionGuid = {3E9CA65D-AE88-4A35-A809-0966EBEC4C6A}
	EndGlobalSection
EndGlobal
